
Microsoft Visual Studio Solution File, Format Version 12.00
# Visual Studio Version 17
VisualStudioVersion = 17.2.32616.157
MinimumVisualStudioVersion = 10.0.40219.1
Project("{FAE04EC0-301F-11D3-BF4B-00C04F79EFBC}") = "Chess", "Chess\Chess.csproj", "{B5133DB2-DFB4-41AF-8B14-ACA0282BF248}"
EndProject
Project("{FAE04EC0-301F-11D3-BF4B-00C04F79EFBC}") = "ChessTest", "ChessTest\ChessTest.csproj", "{E6D83A7E-BEA9-4995-9FD3-3621062B367C}"
EndProject
Global
	GlobalSection(SolutionConfigurationPlatforms) = preSolution
		Debug|Any CPU = Debug|Any CPU
		Release|Any CPU = Release|Any CPU
	EndGlobalSection
	GlobalSection(ProjectConfigurationPlatforms) = postSolution
		{B5133DB2-DFB4-41AF-8B14-ACA0282BF248}.Debug|Any CPU.ActiveCfg = Debug|Any CPU
		{B5133DB2-DFB4-41AF-8B14-ACA0282BF248}.Debug|Any CPU.Build.0 = Debug|Any CPU
		{B5133DB2-DFB4-41AF-8B14-ACA0282BF248}.Release|Any CPU.ActiveCfg = Release|Any CPU
		{B5133DB2-DFB4-41AF-8B14-ACA0282BF248}.Release|Any CPU.Build.0 = Release|Any CPU
		{E6D83A7E-BEA9-4995-9FD3-3621062B367C}.Debug|Any CPU.ActiveCfg = Debug|Any CPU
		{E6D83A7E-BEA9-4995-9FD3-3621062B367C}.Debug|Any CPU.Build.0 = Debug|Any CPU
		{E6D83A7E-BEA9-4995-9FD3-3621062B367C}.Release|Any CPU.ActiveCfg = Release|Any CPU
		{E6D83A7E-BEA9-4995-9FD3-3621062B367C}.Release|Any CPU.Build.0 = Release|Any CPU
	EndGlobalSection
	GlobalSection(SolutionProperties) = preSolution
		HideSolutionNode = FALSE
	EndGlobalSection
	GlobalSection(ExtensibilityGlobals) = postSolution
		SolutionGuid = {B02C1EC6-6364-4470-A19B-38671DA0ADEE}
	EndGlobalSection
EndGlobal
